
Microsoft Visual Studio Solution File, Format Version 12.00
# Visual Studio 15
VisualStudioVersion = 15.0.28010.2041
MinimumVisualStudioVersion = 10.0.40219.1
Project("{8BC9CEB8-8B4A-11D0-8D11-00A0C91BC942}") = "Project1", "Project1\Project1.vcxproj", "{D357102C-69BC-43DF-8E5F-91A78172A6EF}"
EndProject
Global
	GlobalSection(SolutionConfigurationPlatforms) = preSolution
		Debug|x64 = Debug|x64
		Debug|x86 = Debug|x86
		Release|x64 = Release|x64
		Release|x86 = Release|x86
	EndGlobalSection
	GlobalSection(ProjectConfigurationPlatforms) = postSolution
		{D357102C-69BC-43DF-8E5F-91A78172A6EF}.Debug|x64.ActiveCfg = Debug|x64
		{D357102C-69BC-43DF-8E5F-91A78172A6EF}.Debug|x64.Build.0 = Debug|x64
		{D357102C-69BC-43DF-8E5F-91A78172A6EF}.Debug|x86.ActiveCfg = Debug|Win32
		{D357102C-69BC-43DF-8E5F-91A78172A6EF}.Debug|x86.Build.0 = Debug|Win32
		{D357102C-69BC-43DF-8E5F-91A78172A6EF}.Release|x64.ActiveCfg = Release|x64
		{D357102C-69BC-43DF-8E5F-91A78172A6EF}.Release|x64.Build.0 = Release|x64
		{D357102C-69BC-43DF-8E5F-91A78172A6EF}.Release|x86.ActiveCfg = Release|Win32
		{D357102C-69BC-43DF-8E5F-91A78172A6EF}.Release|x86.Build.0 = Release|Win32
	EndGlobalSection
	GlobalSection(SolutionProperties) = preSolution
		HideSolutionNode = FALSE
	EndGlobalSection
	GlobalSection(ExtensibilityGlobals) = postSolution
		SolutionGuid = {5072B0DD-8143-4907-97BB-2268D586285A}
	EndGlobalSection
EndGlobal
